
Microsoft Visual Studio Solution File, Format Version 12.00
# Visual Studio Version 16
VisualStudioVersion = 16.0.31005.135
MinimumVisualStudioVersion = 10.0.40219.1
Project("{888888A0-9F3D-457C-B088-3A5042F75D52}") = "EcstaStream", "EcstaStream.pyproj", "{2A480B6F-650E-4D77-BF82-7612B6A98C6E}"
EndProject
Global
	GlobalSection(SolutionConfigurationPlatforms) = preSolution
		Debug|Any CPU = Debug|Any CPU
		Release|Any CPU = Release|Any CPU
	EndGlobalSection
	GlobalSection(ProjectConfigurationPlatforms) = postSolution
		{2A480B6F-650E-4D77-BF82-7612B6A98C6E}.Debug|Any CPU.ActiveCfg = Debug|Any CPU
		{2A480B6F-650E-4D77-BF82-7612B6A98C6E}.Debug|Any CPU.Build.0 = Debug|Any CPU
		{2A480B6F-650E-4D77-BF82-7612B6A98C6E}.Release|Any CPU.ActiveCfg = Release|Any CPU
		{2A480B6F-650E-4D77-BF82-7612B6A98C6E}.Release|Any CPU.Build.0 = Release|Any CPU
	EndGlobalSection
	GlobalSection(SolutionProperties) = preSolution
		HideSolutionNode = FALSE
	EndGlobalSection
	GlobalSection(ExtensibilityGlobals) = postSolution
		SolutionGuid = {64FFDF4F-9762-4C69-A2E0-696E7B340E0C}
	EndGlobalSection
EndGlobal
